{
  "name": "yanpresence",
  "version": "1.0.0",
  "lockfileVersion": 3,
  "requires": true,
  "packages": {
    "": {
      "name": "yanpresence",
      "version": "1.0.0",
      "license": "MIT",
      "os": [
        "darwin",
        "linux"
      ],
      "bin": {
        "yanpresence": "bin/yanpresence.js"
      },
      "engines": {
        "node": ">=18"
      }
    }
  }
}
